
Microsoft Visual Studio Solution File, Format Version 12.00
# Visual Studio Version 16
VisualStudioVersion = 16.0.30517.126
MinimumVisualStudioVersion = 10.0.40219.1
Project("{FAE04EC0-301F-11D3-BF4B-00C04F79EFBC}") = "FridgeDB", "FridgeDB\FridgeDB.csproj", "{09631295-75C5-4301-997C-0177D9122CFF}"
EndProject
Global
	GlobalSection(SolutionConfigurationPlatforms) = preSolution
		Debug|Any CPU = Debug|Any CPU
		Release|Any CPU = Release|Any CPU
	EndGlobalSection
	GlobalSection(ProjectConfigurationPlatforms) = postSolution
		{09631295-75C5-4301-997C-0177D9122CFF}.Debug|Any CPU.ActiveCfg = Debug|Any CPU
		{09631295-75C5-4301-997C-0177D9122CFF}.Debug|Any CPU.Build.0 = Debug|Any CPU
		{09631295-75C5-4301-997C-0177D9122CFF}.Release|Any CPU.ActiveCfg = Release|Any CPU
		{09631295-75C5-4301-997C-0177D9122CFF}.Release|Any CPU.Build.0 = Release|Any CPU
	EndGlobalSection
	GlobalSection(SolutionProperties) = preSolution
		HideSolutionNode = FALSE
	EndGlobalSection
	GlobalSection(ExtensibilityGlobals) = postSolution
		SolutionGuid = {6D373A06-61FC-4CC8-A4AB-0A6630AEE5E8}
	EndGlobalSection
EndGlobal
